<Solution>
  <Project Path="NextWord.Api.Endpoints/NextWord.Api.Endpoints.csproj" />
  <Project Path="NextWord.Api/NextWord.Api.csproj" />
  <Project Path="NextWord.Domain/NextWord.Domain.csproj" />
  <Project Path="NextWord.Infrastructure/NextWord.Infrastructure.csproj" />
  <Project Path="NextWord.UnitTests/NextWord.UnitTests.csproj" />
  <Project Path="NextWord.IntegrationTests/NextWord.IntegrationTests.csproj" />
</Solution>
